
Microsoft Visual Studio Solution File, Format Version 12.00
# Visual Studio Version 16
VisualStudioVersion = 25.0.1706.6
MinimumVisualStudioVersion = 10.0.40219.1
Project("{FAE04EC0-301F-11D3-BF4B-00C04F79EFBC}") = "FinalProject12", "FinalProject12.csproj", "{69C3B8FC-1D4A-483F-80B8-59148F0D5D10}"
EndProject
Global
	GlobalSection(SolutionConfigurationPlatforms) = preSolution
		Debug|Any CPU = Debug|Any CPU
		Release|Any CPU = Release|Any CPU
	EndGlobalSection
	GlobalSection(ProjectConfigurationPlatforms) = postSolution
		{69C3B8FC-1D4A-483F-80B8-59148F0D5D10}.Debug|Any CPU.ActiveCfg = Debug|Any CPU
		{69C3B8FC-1D4A-483F-80B8-59148F0D5D10}.Debug|Any CPU.Build.0 = Debug|Any CPU
		{69C3B8FC-1D4A-483F-80B8-59148F0D5D10}.Release|Any CPU.ActiveCfg = Release|Any CPU
		{69C3B8FC-1D4A-483F-80B8-59148F0D5D10}.Release|Any CPU.Build.0 = Release|Any CPU
	EndGlobalSection
	GlobalSection(SolutionProperties) = preSolution
		HideSolutionNode = FALSE
	EndGlobalSection
	GlobalSection(ExtensibilityGlobals) = postSolution
		SolutionGuid = {118C1079-0FA8-472A-922F-715D0DD012D3}
	EndGlobalSection
EndGlobal
